PODS:
  - AKBasis (0.1.0):
    - SnapKit (~> 4.0)
  - SnapKit (4.2.0)

DEPENDENCIES:
  - AKBasis (from `../`)

SPEC REPOS:
  https://github.com/cocoapods/specs.git:
    - SnapKit

EXTERNAL SOURCES:
  AKBasis:
    :path: "../"

SPEC CHECKSUMS:
  AKBasis: 84182ad9cbd023e212743b80bff70f4af809217a
  SnapKit: fe8a619752f3f27075cc9a90244d75c6c3f27e2a

PODFILE CHECKSUM: fadbef681d594866adf69a5e6d1c04355f5c874c

COCOAPODS: 1.5.3
